PODS:
  - Flutter (1.0.0)
  - flutter_stc_tutk (0.0.1):
    - Flutter

DEPENDENCIES:
  - Flutter (from `.symlinks/flutter/ios`)
  - flutter_stc_tutk (from `.symlinks/plugins/flutter_stc_tutk/ios`)

EXTERNAL SOURCES:
  Flutter:
    :path: ".symlinks/flutter/ios"
  flutter_stc_tutk:
    :path: ".symlinks/plugins/flutter_stc_tutk/ios"

SPEC CHECKSUMS:
  Flutter: 0e3d915762c693b495b44d77113d4970485de6ec
  flutter_stc_tutk: 7b330e98e263f63f1f605b1423641ed2947f4b81

PODFILE CHECKSUM: aff02bfeed411c636180d6812254b2daeea14d09

COCOAPODS: 1.8.3
