PODS:
  - Flutter (1.0.0)
  - flutter_stc_tutk (0.0.1):
    - Flutter

DEPENDENCIES:
  - Flutter (from `.symlinks/flutter/ios-release`)
  - flutter_stc_tutk (from `.symlinks/plugins/flutter_stc_tutk/ios`)

EXTERNAL SOURCES:
  Flutter:
    :path: ".symlinks/flutter/ios-release"
  flutter_stc_tutk:
    :path: ".symlinks/plugins/flutter_stc_tutk/ios"

SPEC CHECKSUMS:
  Flutter: 58dd7d1b27887414a370fcccb9e645c08ffd7a6a
  flutter_stc_tutk: 7b330e98e263f63f1f605b1423641ed2947f4b81

PODFILE CHECKSUM: aff02bfeed411c636180d6812254b2daeea14d09

COCOAPODS: 1.7.2
